// !$*UTF8*$!
{
	archiveVersion = 1;
	classes = {
	};
	objectVersion = 46;
	objects = {

/* Begin PBXBuildFile section */
		082112161E650B80008333C8 /* main.m in Sources */ = {isa = PBXBuildFile; fileRef = 082112151E650B80008333C8 /* main.m */; };
		082112191E650B80008333C8 /* AppDelegate.m in Sources */ = {isa = PBXBuildFile; fileRef = 082112181E650B80008333C8 /* AppDelegate.m */; };
		0821121C1E650B80008333C8 /* ViewController.m in Sources */ = {isa = PBXBuildFile; fileRef = 0821121B1E650B80008333C8 /* ViewController.m */; };
		0821121F1E650B80008333C8 /* Main.storyboard in Resources */ = {isa = PBXBuildFile; fileRef = 0821121D1E650B80008333C8 /* Main.storyboard */; };
		082112211E650B80008333C8 /* Assets.xcassets in Resources */ = {isa = PBXBuildFile; fileRef = 082112201E650B80008333C8 /* Assets.xcassets */; };
		082112241E650B80008333C8 /* LaunchScreen.storyboard in Resources */ = {isa = PBXBuildFile; fileRef = 082112221E650B80008333C8 /* LaunchScreen.storyboard */; };
		0821122F1E650B80008333C8 /* BluetoothToolTests.m in Sources */ = {isa = PBXBuildFile; fileRef = 0821122E1E650B80008333C8 /* BluetoothToolTests.m */; };
		082112421E650D94008333C8 /* HLBluetoothTool.m in Sources */ = {isa = PBXBuildFile; fileRef = 0821123B1E650D94008333C8 /* HLBluetoothTool.m */; };
		082112431E650D94008333C8 /* HLBluetoothTool.m in Sources */ = {isa = PBXBuildFile; fileRef = 0821123B1E650D94008333C8 /* HLBluetoothTool.m */; };
		082112441E650D94008333C8 /* HLDeviceModel.m in Sources */ = {isa = PBXBuildFile; fileRef = 0821123D1E650D94008333C8 /* HLDeviceModel.m */; };
		082112451E650D94008333C8 /* HLDeviceModel.m in Sources */ = {isa = PBXBuildFile; fileRef = 0821123D1E650D94008333C8 /* HLDeviceModel.m */; };
		082112481E650D94008333C8 /* HLDevicesDetailCell.m in Sources */ = {isa = PBXBuildFile; fileRef = 082112411E650D94008333C8 /* HLDevicesDetailCell.m */; };
		082112491E650D94008333C8 /* HLDevicesDetailCell.m in Sources */ = {isa = PBXBuildFile; fileRef = 082112411E650D94008333C8 /* HLDevicesDetailCell.m */; };
		0821124D1E6511F6008333C8 /* ISMessages.m in Sources */ = {isa = PBXBuildFile; fileRef = 0821124C1E6511F6008333C8 /* ISMessages.m */; };
		0821124E1E6511F6008333C8 /* ISMessages.m in Sources */ = {isa = PBXBuildFile; fileRef = 0821124C1E6511F6008333C8 /* ISMessages.m */; };
		082112511E6512F6008333C8 /* ISMessages+Alex.m in Sources */ = {isa = PBXBuildFile; fileRef = 082112501E6512F6008333C8 /* ISMessages+Alex.m */; };
		082112521E6512F6008333C8 /* ISMessages+Alex.m in Sources */ = {isa = PBXBuildFile; fileRef = 082112501E6512F6008333C8 /* ISMessages+Alex.m */; };
		082112551E656179008333C8 /* AYCallbackModel.m in Sources */ = {isa = PBXBuildFile; fileRef = 082112541E656179008333C8 /* AYCallbackModel.m */; };
		082112561E656179008333C8 /* AYCallbackModel.m in Sources */ = {isa = PBXBuildFile; fileRef = 082112541E656179008333C8 /* AYCallbackModel.m */; };
		0821125A1E657FE6008333C8 /* TestViewController.m in Sources */ = {isa = PBXBuildFile; fileRef = 082112581E657FE6008333C8 /* TestViewController.m */; };
		0821125B1E657FE6008333C8 /* TestViewController.m in Sources */ = {isa = PBXBuildFile; fileRef = 082112581E657FE6008333C8 /* TestViewController.m */; };
		0821125C1E657FE6008333C8 /* TestViewController.xib in Resources */ = {isa = PBXBuildFile; fileRef = 082112591E657FE6008333C8 /* TestViewController.xib */; };
		0821125D1E657FE6008333C8 /* TestViewController.xib in Resources */ = {isa = PBXBuildFile; fileRef = 082112591E657FE6008333C8 /* TestViewController.xib */; };
		082112601E66603D008333C8 /* HLMainNavigationController.m in Sources */ = {isa = PBXBuildFile; fileRef = 0821125F1E66603D008333C8 /* HLMainNavigationController.m */; };
		082112631E6660B2008333C8 /* UIBarButtonItem+Extension.m in Sources */ = {isa = PBXBuildFile; fileRef = 082112621E6660B2008333C8 /* UIBarButtonItem+Extension.m */; };
		082112661E66611B008333C8 /* UIColor+Help.m in Sources */ = {isa = PBXBuildFile; fileRef = 082112651E66611B008333C8 /* UIColor+Help.m */; };
		0821126A1E66614A008333C8 /* UIView+Extension.m in Sources */ = {isa = PBXBuildFile; fileRef = 082112691E66614A008333C8 /* UIView+Extension.m */; };
		08300F601E67B03D00585735 /* CBPeripheral+AutoConnect.m in Sources */ = {isa = PBXBuildFile; fileRef = 08300F5F1E67B03D00585735 /* CBPeripheral+AutoConnect.m */; };
/* End PBXBuildFile section */

/* Begin PBXContainerItemProxy section */
		0821122B1E650B80008333C8 /* PBXContainerItemProxy */ = {
			isa = PBXContainerItemProxy;
			containerPortal = 082112091E650B80008333C8 /* Project object */;
			proxyType = 1;
			remoteGlobalIDString = 082112101E650B80008333C8;
			remoteInfo = BluetoothTool;
		};
/* End PBXContainerItemProxy section */

/* Begin PBXFileReference section */
		082112111E650B80008333C8 /* BluetoothTool.app */ = {isa = PBXFileReference; explicitFileType = wrapper.application; includeInIndex = 0; path = BluetoothTool.app; sourceTree = BUILT_PRODUCTS_DIR; };
		082112151E650B80008333C8 /* main.m */ = {isa = PBXFileReference; lastKnownFileType = sourcecode.c.objc; path = main.m; sourceTree = "<group>"; };
		082112171E650B80008333C8 /* AppDelegate.h */ = {isa = PBXFileReference; lastKnownFileType = sourcecode.c.h; path = AppDelegate.h; sourceTree = "<group>"; };
		082112181E650B80008333C8 /* AppDelegate.m */ = {isa = PBXFileReference; lastKnownFileType = sourcecode.c.objc; path = AppDelegate.m; sourceTree = "<group>"; };
		0821121A1E650B80008333C8 /* ViewController.h */ = {isa = PBXFileReference; lastKnownFileType = sourcecode.c.h; path = ViewController.h; sourceTree = "<group>"; };
		0821121B1E650B80008333C8 /* ViewController.m */ = {isa = PBXFileReference; lastKnownFileType = sourcecode.c.objc; path = ViewController.m; sourceTree = "<group>"; };
		0821121E1E650B80008333C8 /* Base */ = {isa = PBXFileReference; lastKnownFileType = file.storyboard; name = Base; path = Base.lproj/Main.storyboard; sourceTree = "<group>"; };
		082112201E650B80008333C8 /* Assets.xcassets */ = {isa = PBXFileReference; lastKnownFileType = folder.assetcatalog; path = Assets.xcassets; sourceTree = "<group>"; };
		082112231E650B80008333C8 /* Base */ = {isa = PBXFileReference; lastKnownFileType = file.storyboard; name = Base; path = Base.lproj/LaunchScreen.storyboard; sourceTree = "<group>"; };
		082112251E650B80008333C8 /* Info.plist */ = {isa = PBXFileReference; lastKnownFileType = text.plist.xml; path = Info.plist; sourceTree = "<group>"; };
		0821122A1E650B80008333C8 /* BluetoothToolTests.xctest */ = {isa = PBXFileReference; explicitFileType = wrapper.cfbundle; includeInIndex = 0; path = BluetoothToolTests.xctest; sourceTree = BUILT_PRODUCTS_DIR; };
		0821122E1E650B80008333C8 /* BluetoothToolTests.m */ = {isa = PBXFileReference; lastKnownFileType = sourcecode.c.objc; path = BluetoothToolTests.m; sourceTree = "<group>"; };
		082112301E650B80008333C8 /* Info.plist */ = {isa = PBXFileReference; lastKnownFileType = text.plist.xml; path = Info.plist; sourceTree = "<group>"; };
		0821123A1E650D94008333C8 /* HLBluetoothTool.h */ = {isa = PBXFileReference; fileEncoding = 4; lastKnownFileType = sourcecode.c.h; path = HLBluetoothTool.h; sourceTree = "<group>"; };
		0821123B1E650D94008333C8 /* HLBluetoothTool.m */ = {isa = PBXFileReference; fileEncoding = 4; lastKnownFileType = sourcecode.c.objc; path = HLBluetoothTool.m; sourceTree = "<group>"; };
		0821123C1E650D94008333C8 /* HLDeviceModel.h */ = {isa = PBXFileReference; fileEncoding = 4; lastKnownFileType = sourcecode.c.h; path = HLDeviceModel.h; sourceTree = "<group>"; };
		0821123D1E650D94008333C8 /* HLDeviceModel.m */ = {isa = PBXFileReference; fileEncoding = 4; lastKnownFileType = sourcecode.c.objc; path = HLDeviceModel.m; sourceTree = "<group>"; };
		082112401E650D94008333C8 /* HLDevicesDetailCell.h */ = {isa = PBXFileReference; fileEncoding = 4; lastKnownFileType = sourcecode.c.h; path = HLDevicesDetailCell.h; sourceTree = "<group>"; };
		082112411E650D94008333C8 /* HLDevicesDetailCell.m */ = {isa = PBXFileReference; fileEncoding = 4; lastKnownFileType = sourcecode.c.objc; path = HLDevicesDetailCell.m; sourceTree = "<group>"; };
		0821124B1E6511F6008333C8 /* ISMessages.h */ = {isa = PBXFileReference; fileEncoding = 4; lastKnownFileType = sourcecode.c.h; path = ISMessages.h; sourceTree = "<group>"; };
		0821124C1E6511F6008333C8 /* ISMessages.m */ = {isa = PBXFileReference; fileEncoding = 4; lastKnownFileType = sourcecode.c.objc; path = ISMessages.m; sourceTree = "<group>"; };
		0821124F1E6512F6008333C8 /* ISMessages+Alex.h */ = {isa = PBXFileReference; fileEncoding = 4; lastKnownFileType = sourcecode.c.h; path = "ISMessages+Alex.h"; sourceTree = "<group>"; };
		082112501E6512F6008333C8 /* ISMessages+Alex.m */ = {isa = PBXFileReference; fileEncoding = 4; lastKnownFileType = sourcecode.c.objc; path = "ISMessages+Alex.m"; sourceTree = "<group>"; };
		082112531E656179008333C8 /* AYCallbackModel.h */ = {isa = PBXFileReference; fileEncoding = 4; lastKnownFileType = sourcecode.c.h; path = AYCallbackModel.h; sourceTree = "<group>"; };
		082112541E656179008333C8 /* AYCallbackModel.m */ = {isa = PBXFileReference; fileEncoding = 4; lastKnownFileType = sourcecode.c.objc; path = AYCallbackModel.m; sourceTree = "<group>"; };
		082112571E657FE6008333C8 /* TestViewController.h */ = {isa = PBXFileReference; fileEncoding = 4; lastKnownFileType = sourcecode.c.h; path = TestViewController.h; sourceTree = "<group>"; };
		082112581E657FE6008333C8 /* TestViewController.m */ = {isa = PBXFileReference; fileEncoding = 4; lastKnownFileType = sourcecode.c.objc; path = TestViewController.m; sourceTree = "<group>"; };
		082112591E657FE6008333C8 /* TestViewController.xib */ = {isa = PBXFileReference; fileEncoding = 4; lastKnownFileType = file.xib; path = TestViewController.xib; sourceTree = "<group>"; };
		0821125E1E66603D008333C8 /* HLMainNavigationController.h */ = {isa = PBXFileReference; fileEncoding = 4; lastKnownFileType = sourcecode.c.h; path = HLMainNavigationController.h; sourceTree = "<group>"; };
		0821125F1E66603D008333C8 /* HLMainNavigationController.m */ = {isa = PBXFileReference; fileEncoding = 4; lastKnownFileType = sourcecode.c.objc; path = HLMainNavigationController.m; sourceTree = "<group>"; };
		082112611E6660B2008333C8 /* UIBarButtonItem+Extension.h */ = {isa = PBXFileReference; fileEncoding = 4; lastKnownFileType = sourcecode.c.h; path = "UIBarButtonItem+Extension.h"; sourceTree = "<group>"; };
		082112621E6660B2008333C8 /* UIBarButtonItem+Extension.m */ = {isa = PBXFileReference; fileEncoding = 4; lastKnownFileType = sourcecode.c.objc; path = "UIBarButtonItem+Extension.m"; sourceTree = "<group>"; };
		082112641E66611B008333C8 /* UIColor+Help.h */ = {isa = PBXFileReference; fileEncoding = 4; lastKnownFileType = sourcecode.c.h; path = "UIColor+Help.h"; sourceTree = "<group>"; };
		082112651E66611B008333C8 /* UIColor+Help.m */ = {isa = PBXFileReference; fileEncoding = 4; lastKnownFileType = sourcecode.c.objc; path = "UIColor+Help.m"; sourceTree = "<group>"; };
		082112681E66614A008333C8 /* UIView+Extension.h */ = {isa = PBXFileReference; fileEncoding = 4; lastKnownFileType = sourcecode.c.h; path = "UIView+Extension.h"; sourceTree = "<group>"; };
		082112691E66614A008333C8 /* UIView+Extension.m */ = {isa = PBXFileReference; fileEncoding = 4; lastKnownFileType = sourcecode.c.objc; path = "UIView+Extension.m"; sourceTree = "<group>"; };
		08300F5E1E67B03D00585735 /* CBPeripheral+AutoConnect.h */ = {isa = PBXFileReference; fileEncoding = 4; lastKnownFileType = sourcecode.c.h; path = "CBPeripheral+AutoConnect.h"; sourceTree = "<group>"; };
		08300F5F1E67B03D00585735 /* CBPeripheral+AutoConnect.m */ = {isa = PBXFileReference; fileEncoding = 4; lastKnownFileType = sourcecode.c.objc; path = "CBPeripheral+AutoConnect.m"; sourceTree = "<group>"; };
/* End PBXFileReference section */

/* Begin PBXFrameworksBuildPhase section */
		0821120E1E650B80008333C8 /* Frameworks */ = {
			isa = PBXFrameworksBuildPhase;
			buildActionMask = 2147483647;
			files = (
			);
			runOnlyForDeploymentPostprocessing = 0;
		};
		082112271E650B80008333C8 /* Frameworks */ = {
			isa = PBXFrameworksBuildPhase;
			buildActionMask = 2147483647;
			files = (
			);
			runOnlyForDeploymentPostprocessing = 0;
		};
/* End PBXFrameworksBuildPhase section */

/* Begin PBXGroup section */
		082112081E650B80008333C8 = {
			isa = PBXGroup;
			children = (
				082112131E650B80008333C8 /* BluetoothTool */,
				0821122D1E650B80008333C8 /* BluetoothToolTests */,
				082112121E650B80008333C8 /* Products */,
			);
			sourceTree = "<group>";
		};
		082112121E650B80008333C8 /* Products */ = {
			isa = PBXGroup;
			children = (
				082112111E650B80008333C8 /* BluetoothTool.app */,
				0821122A1E650B80008333C8 /* BluetoothToolTests.xctest */,
			);
			name = Products;
			sourceTree = "<group>";
		};
		082112131E650B80008333C8 /* BluetoothTool */ = {
			isa = PBXGroup;
			children = (
				082112671E666139008333C8 /* Categorites */,
				0821124A1E6511F6008333C8 /* ISMessages */,
				082112391E650D94008333C8 /* Bluetooth */,
				082112171E650B80008333C8 /* AppDelegate.h */,
				082112181E650B80008333C8 /* AppDelegate.m */,
				0821125E1E66603D008333C8 /* HLMainNavigationController.h */,
				0821125F1E66603D008333C8 /* HLMainNavigationController.m */,
				0821121A1E650B80008333C8 /* ViewController.h */,
				0821121B1E650B80008333C8 /* ViewController.m */,
				082112571E657FE6008333C8 /* TestViewController.h */,
				082112581E657FE6008333C8 /* TestViewController.m */,
				082112591E657FE6008333C8 /* TestViewController.xib */,
				0821121D1E650B80008333C8 /* Main.storyboard */,
				082112201E650B80008333C8 /* Assets.xcassets */,
				082112221E650B80008333C8 /* LaunchScreen.storyboard */,
				082112251E650B80008333C8 /* Info.plist */,
				082112141E650B80008333C8 /* Supporting Files */,
			);
			path = BluetoothTool;
			sourceTree = "<group>";
		};
		082112141E650B80008333C8 /* Supporting Files */ = {
			isa = PBXGroup;
			children = (
				082112151E650B80008333C8 /* main.m */,
			);
			name = "Supporting Files";
			sourceTree = "<group>";
		};
		0821122D1E650B80008333C8 /* BluetoothToolTests */ = {
			isa = PBXGroup;
			children = (
				0821122E1E650B80008333C8 /* BluetoothToolTests.m */,
				082112301E650B80008333C8 /* Info.plist */,
			);
			path = BluetoothToolTests;
			sourceTree = "<group>";
		};
		082112391E650D94008333C8 /* Bluetooth */ = {
			isa = PBXGroup;
			children = (
				08300F5E1E67B03D00585735 /* CBPeripheral+AutoConnect.h */,
				08300F5F1E67B03D00585735 /* CBPeripheral+AutoConnect.m */,
				0821123A1E650D94008333C8 /* HLBluetoothTool.h */,
				0821123B1E650D94008333C8 /* HLBluetoothTool.m */,
				0821123C1E650D94008333C8 /* HLDeviceModel.h */,
				0821123D1E650D94008333C8 /* HLDeviceModel.m */,
				082112401E650D94008333C8 /* HLDevicesDetailCell.h */,
				082112411E650D94008333C8 /* HLDevicesDetailCell.m */,
				082112531E656179008333C8 /* AYCallbackModel.h */,
				082112541E656179008333C8 /* AYCallbackModel.m */,
			);
			path = Bluetooth;
			sourceTree = "<group>";
		};
		0821124A1E6511F6008333C8 /* ISMessages */ = {
			isa = PBXGroup;
			children = (
				0821124F1E6512F6008333C8 /* ISMessages+Alex.h */,
				082112501E6512F6008333C8 /* ISMessages+Alex.m */,
				0821124B1E6511F6008333C8 /* ISMessages.h */,
				0821124C1E6511F6008333C8 /* ISMessages.m */,
			);
			path = ISMessages;
			sourceTree = "<group>";
		};
		082112671E666139008333C8 /* Categorites */ = {
			isa = PBXGroup;
			children = (
				082112641E66611B008333C8 /* UIColor+Help.h */,
				082112651E66611B008333C8 /* UIColor+Help.m */,
				082112611E6660B2008333C8 /* UIBarButtonItem+Extension.h */,
				082112621E6660B2008333C8 /* UIBarButtonItem+Extension.m */,
				082112681E66614A008333C8 /* UIView+Extension.h */,
				082112691E66614A008333C8 /* UIView+Extension.m */,
			);
			name = Categorites;
			sourceTree = "<group>";
		};
/* End PBXGroup section */

/* Begin PBXNativeTarget section */
		082112101E650B80008333C8 /* BluetoothTool */ = {
			isa = PBXNativeTarget;
			buildConfigurationList = 082112331E650B80008333C8 /* Build configuration list for PBXNativeTarget "BluetoothTool" */;
			buildPhases = (
				0821120D1E650B80008333C8 /* Sources */,
				0821120E1E650B80008333C8 /* Frameworks */,
				0821120F1E650B80008333C8 /* Resources */,
			);
			buildRules = (
			);
			dependencies = (
			);
			name = BluetoothTool;
			productName = BluetoothTool;
			productReference = 082112111E650B80008333C8 /* BluetoothTool.app */;
			productType = "com.apple.product-type.application";
		};
		082112291E650B80008333C8 /* BluetoothToolTests */ = {
			isa = PBXNativeTarget;
			buildConfigurationList = 082112361E650B80008333C8 /* Build configuration list for PBXNativeTarget "BluetoothToolTests" */;
			buildPhases = (
				082112261E650B80008333C8 /* Sources */,
				082112271E650B80008333C8 /* Frameworks */,
				082112281E650B80008333C8 /* Resources */,
			);
			buildRules = (
			);
			dependencies = (
				0821122C1E650B80008333C8 /* PBXTargetDependency */,
			);
			name = BluetoothToolTests;
			productName = BluetoothToolTests;
			productReference = 0821122A1E650B80008333C8 /* BluetoothToolTests.xctest */;
			productType = "com.apple.product-type.bundle.unit-test";
		};
/* End PBXNativeTarget section */

/* Begin PBXProject section */
		082112091E650B80008333C8 /* Project object */ = {
			isa = PBXProject;
			attributes = {
				LastUpgradeCheck = 0820;
				ORGANIZATIONNAME = AlexYang;
				TargetAttributes = {
					082112101E650B80008333C8 = {
						CreatedOnToolsVersion = 8.2;
						DevelopmentTeam = X77M95VSB8;
						ProvisioningStyle = Automatic;
					};
					082112291E650B80008333C8 = {
						CreatedOnToolsVersion = 8.2;
						DevelopmentTeam = X77M95VSB8;
						ProvisioningStyle = Automatic;
						TestTargetID = 082112101E650B80008333C8;
					};
				};
			};
			buildConfigurationList = 0821120C1E650B80008333C8 /* Build configuration list for PBXProject "BluetoothTool" */;
			compatibilityVersion = "Xcode 3.2";
			developmentRegion = English;
			hasScannedForEncodings = 0;
			knownRegions = (
				en,
				Base,
			);
			mainGroup = 082112081E650B80008333C8;
			productRefGroup = 082112121E650B80008333C8 /* Products */;
			projectDirPath = "";
			projectRoot = "";
			targets = (
				082112101E650B80008333C8 /* BluetoothTool */,
				082112291E650B80008333C8 /* BluetoothToolTests */,
			);
		};
/* End PBXProject section */

/* Begin PBXResourcesBuildPhase section */
		0821120F1E650B80008333C8 /* Resources */ = {
			isa = PBXResourcesBuildPhase;
			buildActionMask = 2147483647;
			files = (
				082112241E650B80008333C8 /* LaunchScreen.storyboard in Resources */,
				082112211E650B80008333C8 /* Assets.xcassets in Resources */,
				0821125C1E657FE6008333C8 /* TestViewController.xib in Resources */,
				0821121F1E650B80008333C8 /* Main.storyboard in Resources */,
			);
			runOnlyForDeploymentPostprocessing = 0;
		};
		082112281E650B80008333C8 /* Resources */ = {
			isa = PBXResourcesBuildPhase;
			buildActionMask = 2147483647;
			files = (
				0821125D1E657FE6008333C8 /* TestViewController.xib in Resources */,
			);
			runOnlyForDeploymentPostprocessing = 0;
		};
/* End PBXResourcesBuildPhase section */

/* Begin PBXSourcesBuildPhase section */
		0821120D1E650B80008333C8 /* Sources */ = {
			isa = PBXSourcesBuildPhase;
			buildActionMask = 2147483647;
			files = (
				082112661E66611B008333C8 /* UIColor+Help.m in Sources */,
				082112631E6660B2008333C8 /* UIBarButtonItem+Extension.m in Sources */,
				082112421E650D94008333C8 /* HLBluetoothTool.m in Sources */,
				08300F601E67B03D00585735 /* CBPeripheral+AutoConnect.m in Sources */,
				0821121C1E650B80008333C8 /* ViewController.m in Sources */,
				082112441E650D94008333C8 /* HLDeviceModel.m in Sources */,
				082112481E650D94008333C8 /* HLDevicesDetailCell.m in Sources */,
				0821125A1E657FE6008333C8 /* TestViewController.m in Sources */,
				082112191E650B80008333C8 /* AppDelegate.m in Sources */,
				082112601E66603D008333C8 /* HLMainNavigationController.m in Sources */,
				082112551E656179008333C8 /* AYCallbackModel.m in Sources */,
				0821126A1E66614A008333C8 /* UIView+Extension.m in Sources */,
				082112511E6512F6008333C8 /* ISMessages+Alex.m in Sources */,
				082112161E650B80008333C8 /* main.m in Sources */,
				0821124D1E6511F6008333C8 /* ISMessages.m in Sources */,
			);
			runOnlyForDeploymentPostprocessing = 0;
		};
		082112261E650B80008333C8 /* Sources */ = {
			isa = PBXSourcesBuildPhase;
			buildActionMask = 2147483647;
			files = (
				082112431E650D94008333C8 /* HLBluetoothTool.m in Sources */,
				082112521E6512F6008333C8 /* ISMessages+Alex.m in Sources */,
				082112561E656179008333C8 /* AYCallbackModel.m in Sources */,
				0821124E1E6511F6008333C8 /* ISMessages.m in Sources */,
				082112491E650D94008333C8 /* HLDevicesDetailCell.m in Sources */,
				082112451E650D94008333C8 /* HLDeviceModel.m in Sources */,
				0821125B1E657FE6008333C8 /* TestViewController.m in Sources */,
				0821122F1E650B80008333C8 /* BluetoothToolTests.m in Sources */,
			);
			runOnlyForDeploymentPostprocessing = 0;
		};
/* End PBXSourcesBuildPhase section */

/* Begin PBXTargetDependency section */
		0821122C1E650B80008333C8 /* PBXTargetDependency */ = {
			isa = PBXTargetDependency;
			target = 082112101E650B80008333C8 /* BluetoothTool */;
			targetProxy = 0821122B1E650B80008333C8 /* PBXContainerItemProxy */;
		};
/* End PBXTargetDependency section */

/* Begin PBXVariantGroup section */
		0821121D1E650B80008333C8 /* Main.storyboard */ = {
			isa = PBXVariantGroup;
			children = (
				0821121E1E650B80008333C8 /* Base */,
			);
			name = Main.storyboard;
			sourceTree = "<group>";
		};
		082112221E650B80008333C8 /* LaunchScreen.storyboard */ = {
			isa = PBXVariantGroup;
			children = (
				082112231E650B80008333C8 /* Base */,
			);
			name = LaunchScreen.storyboard;
			sourceTree = "<group>";
		};
/* End PBXVariantGroup section */

/* Begin XCBuildConfiguration section */
		082112311E650B80008333C8 /* Debug */ = {
			isa = XCBuildConfiguration;
			buildSettings = {
				ALWAYS_SEARCH_USER_PATHS = NO;
				CLANG_ANALYZER_NONNULL = YES;
				CLANG_CXX_LANGUAGE_STANDARD = "gnu++0x";
				CLANG_CXX_LIBRARY = "libc++";
				CLANG_ENABLE_MODULES = YES;
				CLANG_ENABLE_OBJC_ARC = YES;
				CLANG_WARN_BOOL_CONVERSION = YES;
				CLANG_WARN_CONSTANT_CONVERSION = YES;
				CLANG_WARN_DIRECT_OBJC_ISA_USAGE = YES_ERROR;
				CLANG_WARN_DOCUMENTATION_COMMENTS = YES;
				CLANG_WARN_EMPTY_BODY = YES;
				CLANG_WARN_ENUM_CONVERSION = YES;
				CLANG_WARN_INFINITE_RECURSION = YES;
				CLANG_WARN_INT_CONVERSION = YES;
				CLANG_WARN_OBJC_ROOT_CLASS = YES_ERROR;
				CLANG_WARN_SUSPICIOUS_MOVE = YES;
				CLANG_WARN_UNREACHABLE_CODE = YES;
				CLANG_WARN__DUPLICATE_METHOD_MATCH = YES;
				"CODE_SIGN_IDENTITY[sdk=iphoneos*]" = "iPhone Developer";
				COPY_PHASE_STRIP = NO;
				DEBUG_INFORMATION_FORMAT = dwarf;
				ENABLE_STRICT_OBJC_MSGSEND = YES;
				ENABLE_TESTABILITY = YES;
				GCC_C_LANGUAGE_STANDARD = gnu99;
				GCC_DYNAMIC_NO_PIC = NO;
				GCC_NO_COMMON_BLOCKS = YES;
				GCC_OPTIMIZATION_LEVEL = 0;
				GCC_PREPROCESSOR_DEFINITIONS = (
					"DEBUG=1",
					"$(inherited)",
				);
				GCC_WARN_64_TO_32_BIT_CONVERSION = YES;
				GCC_WARN_ABOUT_RETURN_TYPE = YES_ERROR;
				GCC_WARN_UNDECLARED_SELECTOR = YES;
				GCC_WARN_UNINITIALIZED_AUTOS = YES_AGGRESSIVE;
				GCC_WARN_UNUSED_FUNCTION = YES;
				GCC_WARN_UNUSED_VARIABLE = YES;
				IPHONEOS_DEPLOYMENT_TARGET = 10.2;
				MTL_ENABLE_DEBUG_INFO = YES;
				ONLY_ACTIVE_ARCH = YES;
				SDKROOT = iphoneos;
			};
			name = Debug;
		};
		082112321E650B80008333C8 /* Release */ = {
			isa = XCBuildConfiguration;
			buildSettings = {
				ALWAYS_SEARCH_USER_PATHS = NO;
				CLANG_ANALYZER_NONNULL = YES;
				CLANG_CXX_LANGUAGE_STANDARD = "gnu++0x";
				CLANG_CXX_LIBRARY = "libc++";
				CLANG_ENABLE_MODULES = YES;
				CLANG_ENABLE_OBJC_ARC = YES;
				CLANG_WARN_BOOL_CONVERSION = YES;
				CLANG_WARN_CONSTANT_CONVERSION = YES;
				CLANG_WARN_DIRECT_OBJC_ISA_USAGE = YES_ERROR;
				CLANG_WARN_DOCUMENTATION_COMMENTS = YES;
				CLANG_WARN_EMPTY_BODY = YES;
				CLANG_WARN_ENUM_CONVERSION = YES;
				CLANG_WARN_INFINITE_RECURSION = YES;
				CLANG_WARN_INT_CONVERSION = YES;
				CLANG_WARN_OBJC_ROOT_CLASS = YES_ERROR;
				CLANG_WARN_SUSPICIOUS_MOVE = YES;
				CLANG_WARN_UNREACHABLE_CODE = YES;
				CLANG_WARN__DUPLICATE_METHOD_MATCH = YES;
				"CODE_SIGN_IDENTITY[sdk=iphoneos*]" = "iPhone Developer";
				COPY_PHASE_STRIP = NO;
				DEBUG_INFORMATION_FORMAT = "dwarf-with-dsym";
				ENABLE_NS_ASSERTIONS = NO;
				ENABLE_STRICT_OBJC_MSGSEND = YES;
				GCC_C_LANGUAGE_STANDARD = gnu99;
				GCC_NO_COMMON_BLOCKS = YES;
				GCC_WARN_64_TO_32_BIT_CONVERSION = YES;
				GCC_WARN_ABOUT_RETURN_TYPE = YES_ERROR;
				GCC_WARN_UNDECLARED_SELECTOR = YES;
				GCC_WARN_UNINITIALIZED_AUTOS = YES_AGGRESSIVE;
				GCC_WARN_UNUSED_FUNCTION = YES;
				GCC_WARN_UNUSED_VARIABLE = YES;
				IPHONEOS_DEPLOYMENT_TARGET = 10.2;
				MTL_ENABLE_DEBUG_INFO = NO;
				SDKROOT = iphoneos;
				VALIDATE_PRODUCT = YES;
			};
			name = Release;
		};
		082112341E650B80008333C8 /* Debug */ = {
			isa = XCBuildConfiguration;
			buildSettings = {
				ASSETCATALOG_COMPILER_APPICON_NAME = AppIcon;
				DEVELOPMENT_TEAM = X77M95VSB8;
				INFOPLIST_FILE = BluetoothTool/Info.plist;
				IPHONEOS_DEPLOYMENT_TARGET = 8.0;
				LD_RUNPATH_SEARCH_PATHS = "$(inherited) @executable_path/Frameworks";
				PRODUCT_BUNDLE_IDENTIFIER = com.alexyang.BluetoothTool;
				PRODUCT_NAME = "$(TARGET_NAME)";
			};
			name = Debug;
		};
		082112351E650B80008333C8 /* Release */ = {
			isa = XCBuildConfiguration;
			buildSettings = {
				ASSETCATALOG_COMPILER_APPICON_NAME = AppIcon;
				DEVELOPMENT_TEAM = X77M95VSB8;
				INFOPLIST_FILE = BluetoothTool/Info.plist;
				IPHONEOS_DEPLOYMENT_TARGET = 8.0;
				LD_RUNPATH_SEARCH_PATHS = "$(inherited) @executable_path/Frameworks";
				PRODUCT_BUNDLE_IDENTIFIER = com.alexyang.BluetoothTool;
				PRODUCT_NAME = "$(TARGET_NAME)";
			};
			name = Release;
		};
		082112371E650B80008333C8 /* Debug */ = {
			isa = XCBuildConfiguration;
			buildSettings = {
				BUNDLE_LOADER = "$(TEST_HOST)";
				DEVELOPMENT_TEAM = X77M95VSB8;
				INFOPLIST_FILE = BluetoothToolTests/Info.plist;
				LD_RUNPATH_SEARCH_PATHS = "$(inherited) @executable_path/Frameworks @loader_path/Frameworks";
				PRODUCT_BUNDLE_IDENTIFIER = com.alexyang.BluetoothToolTests;
				PRODUCT_NAME = "$(TARGET_NAME)";
				TEST_HOST = "$(BUILT_PRODUCTS_DIR)/BluetoothTool.app/BluetoothTool";
			};
			name = Debug;
		};
		082112381E650B80008333C8 /* Release */ = {
			isa = XCBuildConfiguration;
			buildSettings = {
				BUNDLE_LOADER = "$(TEST_HOST)";
				DEVELOPMENT_TEAM = X77M95VSB8;
				INFOPLIST_FILE = BluetoothToolTests/Info.plist;
				LD_RUNPATH_SEARCH_PATHS = "$(inherited) @executable_path/Frameworks @loader_path/Frameworks";
				PRODUCT_BUNDLE_IDENTIFIER = com.alexyang.BluetoothToolTests;
				PRODUCT_NAME = "$(TARGET_NAME)";
				TEST_HOST = "$(BUILT_PRODUCTS_DIR)/BluetoothTool.app/BluetoothTool";
			};
			name = Release;
		};
/* End XCBuildConfiguration section */

/* Begin XCConfigurationList section */
		0821120C1E650B80008333C8 /* Build configuration list for PBXProject "BluetoothTool" */ = {
			isa = XCConfigurationList;
			buildConfigurations = (
				082112311E650B80008333C8 /* Debug */,
				082112321E650B80008333C8 /* Release */,
			);
			defaultConfigurationIsVisible = 0;
			defaultConfigurationName = Release;
		};
		082112331E650B80008333C8 /* Build configuration list for PBXNativeTarget "BluetoothTool" */ = {
			isa = XCConfigurationList;
			buildConfigurations = (
				082112341E650B80008333C8 /* Debug */,
				082112351E650B80008333C8 /* Release */,
			);
			defaultConfigurationIsVisible = 0;
			defaultConfigurationName = Release;
		};
		082112361E650B80008333C8 /* Build configuration list for PBXNativeTarget "BluetoothToolTests" */ = {
			isa = XCConfigurationList;
			buildConfigurations = (
				082112371E650B80008333C8 /* Debug */,
				082112381E650B80008333C8 /* Release */,
			);
			defaultConfigurationIsVisible = 0;
			defaultConfigurationName = Release;
		};
/* End XCConfigurationList section */
	};
	rootObject = 082112091E650B80008333C8 /* Project object */;
}
